%{"calliope": {:hex, :calliope, "0.3.0", "81c2937b27094eee8f8a3fce5effb9140cb8a1fbc03620c6ff57a798d400a3ce", [:mix], []},
  "cowboy": {:hex, :cowboy, "1.0.4", "a324a8df9f2316c833a470d918aaf73ae894278b8aa6226ce7a9bf699388f878", [:rebar, :make], [{:cowlib, "~> 1.0.0", [hex: :cowlib, optional: false]}, {:ranch, "~> 1.0", [hex: :ranch, optional: false]}]},
  "cowlib": {:hex, :cowlib, "1.0.2", "9d769a1d062c9c3ac753096f868ca121e2730b9a377de23dec0f7e08b1df84ee", [:make], []},
  "earmark": {:hex, :earmark, "0.1.17", "a2269e72ff85501bdb58c2de9edc0a9a17a4be2757883eed1f601b30494ed2bf", [:mix], []},
  "ex_doc": {:hex, :ex_doc, "0.7.2", "c24bd9efdace906c23c943280a3d29c15e649e4c0eeca92f6ee35723f44691a7", [:mix], []},
  "inch_ex": {:hex, :inch_ex, "0.3.3", "f53770404bb38385acbadd518ed571ba54d9608148ce7e7180e5826460b32f52", [:mix], [{:poison, "~> 1.2", [hex: :poison, optional: false]}]},
  "plug": {:hex, :plug, "1.1.0", "69078a481549b81e879e169fbe099a509baf8d6a793db757f39f86258f91db07", [:mix], [{:cowboy, "~> 1.0", [hex: :cowboy, optional: true]}]},
  "plug_heartbeat": {:hex, :plug_heartbeat, "0.2.0", "912485e20cf483da21d6dfd4f6ed0dcc8d497f497b123231a73a326239b3f2f1", [:mix], [{:plug, ">= 0.12.0", [hex: :plug, optional: false]}, {:cowboy, ">= 1.0.0", [hex: :cowboy, optional: false]}]},
  "poison": {:hex, :poison, "1.4.0", "cd5afb9db7f0d19487572fa28185b6d4de647f14235746824e77b3139b79b725", [:mix], []},
  "ranch": {:hex, :ranch, "1.2.0", "b286a948a0706a700a9f577e5cecbb2dc66097ea79f3ddb20ba5536069bdb7aa", [:make], []}}
